version = 4

[vcs.cuenv-skills]
url = "https://github.com/cuenv/cuenv.git"
reference = "main"
commit = "0fbfa67de80476c6e3a358bd520ace01baef9f7f"
tree = "42cd0e68bce6156943a687ebf4b1885eab8af6ed"
vendor = false
path = ".agents/skills/cuenv"
subdir = ".agents/skills"
subtree = "93741fc7e8359b5f341c5e2a620a5e58af007857"
